
Microsoft Visual Studio Solution File, Format Version 12.00
# Visual Studio Version 17
VisualStudioVersion = 17.4.33213.308
MinimumVisualStudioVersion = 10.0.40219.1
Project("{FAE04EC0-301F-11D3-BF4B-00C04F79EFBC}") = "测试用控制台", "测试用控制台\测试用控制台.csproj", "{8FDDD83D-3AE8-49FF-944C-BDCF82F4F841}"
EndProject
Project("{FAE04EC0-301F-11D3-BF4B-00C04F79EFBC}") = "TimerLib", "TimerLib\TimerLib.csproj", "{3ED178AE-1DE1-4ACF-A909-ED45E6848ABD}"
EndProject
Global
	GlobalSection(SolutionConfigurationPlatforms) = preSolution
		Debug|Any CPU = Debug|Any CPU
		Release|Any CPU = Release|Any CPU
	EndGlobalSection
	GlobalSection(ProjectConfigurationPlatforms) = postSolution
		{8FDDD83D-3AE8-49FF-944C-BDCF82F4F841}.Debug|Any CPU.ActiveCfg = Debug|Any CPU
		{8FDDD83D-3AE8-49FF-944C-BDCF82F4F841}.Debug|Any CPU.Build.0 = Debug|Any CPU
		{8FDDD83D-3AE8-49FF-944C-BDCF82F4F841}.Release|Any CPU.ActiveCfg = Release|Any CPU
		{8FDDD83D-3AE8-49FF-944C-BDCF82F4F841}.Release|Any CPU.Build.0 = Release|Any CPU
		{3ED178AE-1DE1-4ACF-A909-ED45E6848ABD}.Debug|Any CPU.ActiveCfg = Debug|Any CPU
		{3ED178AE-1DE1-4ACF-A909-ED45E6848ABD}.Debug|Any CPU.Build.0 = Debug|Any CPU
		{3ED178AE-1DE1-4ACF-A909-ED45E6848ABD}.Release|Any CPU.ActiveCfg = Release|Any CPU
		{3ED178AE-1DE1-4ACF-A909-ED45E6848ABD}.Release|Any CPU.Build.0 = Release|Any CPU
	EndGlobalSection
	GlobalSection(SolutionProperties) = preSolution
		HideSolutionNode = FALSE
	EndGlobalSection
	GlobalSection(ExtensibilityGlobals) = postSolution
		SolutionGuid = {38DD8BF0-DFD9-4E83-8002-66495B9B3E5D}
	EndGlobalSection
EndGlobal
